// !$*UTF8*$!
{
	archiveVersion = 1;
	classes = {
	};
	objectVersion = 50;
	objects = {

/* Begin PBXBuildFile section */
		6A59505F2136802D0075F30D /* iBotLib2.h in Headers */ = {isa = PBXBuildFile; fileRef = 6A59505D2136802D0075F30D /* iBotLib2.h */; settings = {ATTRIBUTES = (Public, ); }; };
		6A5950662136806B0075F30D /* iBotViewController.swift in Sources */ = {isa = PBXBuildFile; fileRef = 6A5950652136806B0075F30D /* iBotViewController.swift */; };
		6A595069213680A80075F30D /* iBot.swift in Sources */ = {isa = PBXBuildFile; fileRef = 6A595068213680A80075F30D /* iBot.swift */; };
		6A5950A5213682FD0075F30D /* SystemConfiguration.framework in Frameworks */ = {isa = PBXBuildFile; fileRef = 6A5950A4213682FD0075F30D /* SystemConfiguration.framework */; };
		6A5950A9213683640075F30D /* SpeechRecognizer.swift in Sources */ = {isa = PBXBuildFile; fileRef = 6A5950A8213683640075F30D /* SpeechRecognizer.swift */; };
		6A5950AB213683880075F30D /* AVFoundation.framework in Frameworks */ = {isa = PBXBuildFile; fileRef = 6A5950AA213683880075F30D /* AVFoundation.framework */; };
		6A5950AD2137AAEF0075F30D /* BLEManager.swift in Sources */ = {isa = PBXBuildFile; fileRef = 6A5950AC2137AAEF0075F30D /* BLEManager.swift */; };
		6A5950AF2137B1B10075F30D /* AnimationView.swift in Sources */ = {isa = PBXBuildFile; fileRef = 6A5950AE2137B1B10075F30D /* AnimationView.swift */; };
		6A5950B12137B5550075F30D /* Face.swift in Sources */ = {isa = PBXBuildFile; fileRef = 6A5950B02137B5550075F30D /* Face.swift */; };
		6A5951292137C43A0075F30D /* touch-12@2x.png in Resources */ = {isa = PBXBuildFile; fileRef = 6A5950F32137C43A0075F30D /* touch-12@2x.png */; };
		6A59512A2137C43A0075F30D /* touch-6@2x.png in Resources */ = {isa = PBXBuildFile; fileRef = 6A5950F42137C43A0075F30D /* touch-6@2x.png */; };
		6A59512B2137C43A0075F30D /* touch-4@2x.png in Resources */ = {isa = PBXBuildFile; fileRef = 6A5950F52137C43A0075F30D /* touch-4@2x.png */; };
		6A59512C2137C43A0075F30D /* touch-8@2x.png in Resources */ = {isa = PBXBuildFile; fileRef = 6A5950F62137C43A0075F30D /* touch-8@2x.png */; };
		6A59512D2137C43A0075F30D /* touch-10@2x.png in Resources */ = {isa = PBXBuildFile; fileRef = 6A5950F72137C43A0075F30D /* touch-10@2x.png */; };
		6A59512E2137C43A0075F30D /* touch-4.png in Resources */ = {isa = PBXBuildFile; fileRef = 6A5950F82137C43A0075F30D /* touch-4.png */; };
		6A59512F2137C43A0075F30D /* touch-5.png in Resources */ = {isa = PBXBuildFile; fileRef = 6A5950F92137C43A0075F30D /* touch-5.png */; };
		6A5951302137C43A0075F30D /* touch-19.png in Resources */ = {isa = PBXBuildFile; fileRef = 6A5950FA2137C43A0075F30D /* touch-19.png */; };
		6A5951312137C43A0075F30D /* touch-22@2x.png in Resources */ = {isa = PBXBuildFile; fileRef = 6A5950FB2137C43A0075F30D /* touch-22@2x.png */; };
		6A5951322137C43A0075F30D /* touch-7.png in Resources */ = {isa = PBXBuildFile; fileRef = 6A5950FC2137C43A0075F30D /* touch-7.png */; };
		6A5951332137C43A0075F30D /* touch-14@2x.png in Resources */ = {isa = PBXBuildFile; fileRef = 6A5950FD2137C43A0075F30D /* touch-14@2x.png */; };
		6A5951342137C43A0075F30D /* touch-6.png in Resources */ = {isa = PBXBuildFile; fileRef = 6A5950FE2137C43A0075F30D /* touch-6.png */; };
		6A5951352137C43A0075F30D /* touch-18.png in Resources */ = {isa = PBXBuildFile; fileRef = 6A5950FF2137C43A0075F30D /* touch-18.png */; };
		6A5951362137C43A0075F30D /* touch-18@2x.png in Resources */ = {isa = PBXBuildFile; fileRef = 6A5951002137C43A0075F30D /* touch-18@2x.png */; };
		6A5951372137C43A0075F30D /* touch-20.png in Resources */ = {isa = PBXBuildFile; fileRef = 6A5951012137C43A0075F30D /* touch-20.png */; };
		6A5951382137C43A0075F30D /* touch-20@2x.png in Resources */ = {isa = PBXBuildFile; fileRef = 6A5951022137C43A0075F30D /* touch-20@2x.png */; };
		6A5951392137C43A0075F30D /* touch-2.png in Resources */ = {isa = PBXBuildFile; fileRef = 6A5951032137C43A0075F30D /* touch-2.png */; };
		6A59513A2137C43A0075F30D /* touch-2@2x.png in Resources */ = {isa = PBXBuildFile; fileRef = 6A5951042137C43A0075F30D /* touch-2@2x.png */; };
		6A59513B2137C43A0075F30D /* touch-3.png in Resources */ = {isa = PBXBuildFile; fileRef = 6A5951052137C43A0075F30D /* touch-3.png */; };
		6A59513C2137C43A0075F30D /* touch-21.png in Resources */ = {isa = PBXBuildFile; fileRef = 6A5951062137C43A0075F30D /* touch-21.png */; };
		6A59513D2137C43A0075F30D /* touch-16@2x.png in Resources */ = {isa = PBXBuildFile; fileRef = 6A5951072137C43A0075F30D /* touch-16@2x.png */; };
		6A59513E2137C43A0075F30D /* touch-23.png in Resources */ = {isa = PBXBuildFile; fileRef = 6A5951082137C43A0075F30D /* touch-23.png */; };
		6A59513F2137C43A0075F30D /* touch-1.png in Resources */ = {isa = PBXBuildFile; fileRef = 6A5951092137C43A0075F30D /* touch-1.png */; };
		6A5951402137C43A0075F30D /* touch-22.png in Resources */ = {isa = PBXBuildFile; fileRef = 6A59510A2137C43A0075F30D /* touch-22.png */; };
		6A5951412137C43A0075F30D /* touch-13.png in Resources */ = {isa = PBXBuildFile; fileRef = 6A59510B2137C43A0075F30D /* touch-13.png */; };
		6A5951422137C43A0075F30D /* touch-12.png in Resources */ = {isa = PBXBuildFile; fileRef = 6A59510C2137C43A0075F30D /* touch-12.png */; };
		6A5951432137C43A0075F30D /* touch-10.png in Resources */ = {isa = PBXBuildFile; fileRef = 6A59510D2137C43A0075F30D /* touch-10.png */; };
		6A5951442137C43A0075F30D /* touch-13@2x.png in Resources */ = {isa = PBXBuildFile; fileRef = 6A59510E2137C43A0075F30D /* touch-13@2x.png */; };
		6A5951452137C43A0075F30D /* touch-11.png in Resources */ = {isa = PBXBuildFile; fileRef = 6A59510F2137C43A0075F30D /* touch-11.png */; };
		6A5951462137C43A0075F30D /* touch-7@2x.png in Resources */ = {isa = PBXBuildFile; fileRef = 6A5951102137C43A0075F30D /* touch-7@2x.png */; };
		6A5951472137C43A0075F30D /* touch-15.png in Resources */ = {isa = PBXBuildFile; fileRef = 6A5951112137C43A0075F30D /* touch-15.png */; };
		6A5951482137C43A0075F30D /* touch-5@2x.png in Resources */ = {isa = PBXBuildFile; fileRef = 6A5951122137C43A0075F30D /* touch-5@2x.png */; };
		6A5951492137C43A0075F30D /* touch-14.png in Resources */ = {isa = PBXBuildFile; fileRef = 6A5951132137C43A0075F30D /* touch-14.png */; };
		6A59514A2137C43A0075F30D /* touch-9@2x.png in Resources */ = {isa = PBXBuildFile; fileRef = 6A5951142137C43A0075F30D /* touch-9@2x.png */; };
		6A59514B2137C43A0075F30D /* touch-11@2x.png in Resources */ = {isa = PBXBuildFile; fileRef = 6A5951152137C43A0075F30D /* touch-11@2x.png */; };
		6A59514C2137C43A0075F30D /* touch-16.png in Resources */ = {isa = PBXBuildFile; fileRef = 6A5951162137C43A0075F30D /* touch-16.png */; };
		6A59514D2137C43A0075F30D /* touch-8.png in Resources */ = {isa = PBXBuildFile; fileRef = 6A5951172137C43A0075F30D /* touch-8.png */; };
		6A59514E2137C43A0075F30D /* touch-9.png in Resources */ = {isa = PBXBuildFile; fileRef = 6A5951182137C43A0075F30D /* touch-9.png */; };
		6A59514F2137C43A0075F30D /* touch-17.png in Resources */ = {isa = PBXBuildFile; fileRef = 6A5951192137C43A0075F30D /* touch-17.png */; };
		6A5951502137C43A0075F30D /* touch-15@2x.png in Resources */ = {isa = PBXBuildFile; fileRef = 6A59511A2137C43A0075F30D /* touch-15@2x.png */; };
		6A5951512137C43A0075F30D /* touch-19@2x.png in Resources */ = {isa = PBXBuildFile; fileRef = 6A59511B2137C43A0075F30D /* touch-19@2x.png */; };
		6A5951522137C43A0075F30D /* touch-1@2x.png in Resources */ = {isa = PBXBuildFile; fileRef = 6A59511C2137C43A0075F30D /* touch-1@2x.png */; };
		6A5951532137C43A0075F30D /* touch-23@2x.png in Resources */ = {isa = PBXBuildFile; fileRef = 6A59511D2137C43A0075F30D /* touch-23@2x.png */; };
		6A5951542137C43A0075F30D /* touch-3@2x.png in Resources */ = {isa = PBXBuildFile; fileRef = 6A59511E2137C43A0075F30D /* touch-3@2x.png */; };
		6A5951552137C43A0075F30D /* touch-17@2x.png in Resources */ = {isa = PBXBuildFile; fileRef = 6A59511F2137C43A0075F30D /* touch-17@2x.png */; };
		6A5951562137C43A0075F30D /* touch-21@2x.png in Resources */ = {isa = PBXBuildFile; fileRef = 6A5951202137C43A0075F30D /* touch-21@2x.png */; };
		6A5951572137C43A0075F30D /* kao-04.png in Resources */ = {isa = PBXBuildFile; fileRef = 6A5951212137C43A0075F30D /* kao-04.png */; };
		6A5951582137C43A0075F30D /* kao-red-04.png in Resources */ = {isa = PBXBuildFile; fileRef = 6A5951222137C43A0075F30D /* kao-red-04.png */; };
		6A5951592137C43A0075F30D /* kao-02.png in Resources */ = {isa = PBXBuildFile; fileRef = 6A5951232137C43A0075F30D /* kao-02.png */; };
		6A59515A2137C43A0075F30D /* kao-red-01.png in Resources */ = {isa = PBXBuildFile; fileRef = 6A5951242137C43A0075F30D /* kao-red-01.png */; };
		6A59515B2137C43A0075F30D /* kao-03.png in Resources */ = {isa = PBXBuildFile; fileRef = 6A5951252137C43A0075F30D /* kao-03.png */; };
		6A59515C2137C43A0075F30D /* kao-01.png in Resources */ = {isa = PBXBuildFile; fileRef = 6A5951262137C43A0075F30D /* kao-01.png */; };
		6A59515D2137C43A0075F30D /* kao-red-03.png in Resources */ = {isa = PBXBuildFile; fileRef = 6A5951272137C43A0075F30D /* kao-red-03.png */; };
		6A59515E2137C43A0075F30D /* kao-red-02.png in Resources */ = {isa = PBXBuildFile; fileRef = 6A5951282137C43A0075F30D /* kao-red-02.png */; };
		6A5951662137D0BD0075F30D /* SpeechSynthesizer.swift in Sources */ = {isa = PBXBuildFile; fileRef = 6A5951652137D0BD0075F30D /* SpeechSynthesizer.swift */; };
		6A5951682137D0E50075F30D /* DefaultSynthesizer.swift in Sources */ = {isa = PBXBuildFile; fileRef = 6A5951672137D0E50075F30D /* DefaultSynthesizer.swift */; };
		6A59516A2137E6CD0075F30D /* FeatureController.swift in Sources */ = {isa = PBXBuildFile; fileRef = 6A5951692137E6CD0075F30D /* FeatureController.swift */; };
		6A59516D2137E8460075F30D /* RandomSayFeature.swift in Sources */ = {isa = PBXBuildFile; fileRef = 6A59516C2137E8460075F30D /* RandomSayFeature.swift */; };
		6A5951702137E90A0075F30D /* TalkEngine.swift in Sources */ = {isa = PBXBuildFile; fileRef = 6A59516F2137E90A0075F30D /* TalkEngine.swift */; };
		6A5951722137EA0D0075F30D /* UserLocalTalkEngine.swift in Sources */ = {isa = PBXBuildFile; fileRef = 6A5951712137EA0D0075F30D /* UserLocalTalkEngine.swift */; };
		6A5951742137EA4C0075F30D /* URLSessionClient.swift in Sources */ = {isa = PBXBuildFile; fileRef = 6A5951732137EA4C0075F30D /* URLSessionClient.swift */; };
		6A5951762138B7BE0075F30D /* BodyController.swift in Sources */ = {isa = PBXBuildFile; fileRef = 6A5951752138B7BE0075F30D /* BodyController.swift */; };
/* End PBXBuildFile section */

/* Begin PBXFileReference section */
		6A59505A2136802D0075F30D /* iBotLib2.framework */ = {isa = PBXFileReference; explicitFileType = wrapper.framework; includeInIndex = 0; path = iBotLib2.framework; sourceTree = BUILT_PRODUCTS_DIR; };
		6A59505D2136802D0075F30D /* iBotLib2.h */ = {isa = PBXFileReference; lastKnownFileType = sourcecode.c.h; path = iBotLib2.h; sourceTree = "<group>"; };
		6A59505E2136802D0075F30D /* Info.plist */ = {isa = PBXFileReference; lastKnownFileType = text.plist.xml; path = Info.plist; sourceTree = "<group>"; };
		6A5950652136806B0075F30D /* iBotViewController.swift */ = {isa = PBXFileReference; lastKnownFileType = sourcecode.swift; path = iBotViewController.swift; sourceTree = "<group>"; };
		6A595068213680A80075F30D /* iBot.swift */ = {isa = PBXFileReference; lastKnownFileType = sourcecode.swift; path = iBot.swift; sourceTree = "<group>"; };
		6A5950A4213682FD0075F30D /* SystemConfiguration.framework */ = {isa = PBXFileReference; lastKnownFileType = wrapper.framework; name = SystemConfiguration.framework; path = System/Library/Frameworks/SystemConfiguration.framework; sourceTree = SDKROOT; };
		6A5950A8213683640075F30D /* SpeechRecognizer.swift */ = {isa = PBXFileReference; lastKnownFileType = sourcecode.swift; path = SpeechRecognizer.swift; sourceTree = "<group>"; };
		6A5950AA213683880075F30D /* AVFoundation.framework */ = {isa = PBXFileReference; lastKnownFileType = wrapper.framework; name = AVFoundation.framework; path = System/Library/Frameworks/AVFoundation.framework; sourceTree = SDKROOT; };
		6A5950AC2137AAEF0075F30D /* BLEManager.swift */ = {isa = PBXFileReference; fileEncoding = 4; lastKnownFileType = sourcecode.swift; path = BLEManager.swift; sourceTree = "<group>"; };
		6A5950AE2137B1B10075F30D /* AnimationView.swift */ = {isa = PBXFileReference; lastKnownFileType = sourcecode.swift; path = AnimationView.swift; sourceTree = "<group>"; };
		6A5950B02137B5550075F30D /* Face.swift */ = {isa = PBXFileReference; lastKnownFileType = sourcecode.swift; path = Face.swift; sourceTree = "<group>"; };
		6A5950F32137C43A0075F30D /* touch-12@2x.png */ = {isa = PBXFileReference; lastKnownFileType = image.png; path = "touch-12@2x.png"; sourceTree = "<group>"; };
		6A5950F42137C43A0075F30D /* touch-6@2x.png */ = {isa = PBXFileReference; lastKnownFileType = image.png; path = "touch-6@2x.png"; sourceTree = "<group>"; };
		6A5950F52137C43A0075F30D /* touch-4@2x.png */ = {isa = PBXFileReference; lastKnownFileType = image.png; path = "touch-4@2x.png"; sourceTree = "<group>"; };
		6A5950F62137C43A0075F30D /* touch-8@2x.png */ = {isa = PBXFileReference; lastKnownFileType = image.png; path = "touch-8@2x.png"; sourceTree = "<group>"; };
		6A5950F72137C43A0075F30D /* touch-10@2x.png */ = {isa = PBXFileReference; lastKnownFileType = image.png; path = "touch-10@2x.png"; sourceTree = "<group>"; };
		6A5950F82137C43A0075F30D /* touch-4.png */ = {isa = PBXFileReference; lastKnownFileType = image.png; path = "touch-4.png"; sourceTree = "<group>"; };
		6A5950F92137C43A0075F30D /* touch-5.png */ = {isa = PBXFileReference; lastKnownFileType = image.png; path = "touch-5.png"; sourceTree = "<group>"; };
		6A5950FA2137C43A0075F30D /* touch-19.png */ = {isa = PBXFileReference; lastKnownFileType = image.png; path = "touch-19.png"; sourceTree = "<group>"; };
		6A5950FB2137C43A0075F30D /* touch-22@2x.png */ = {isa = PBXFileReference; lastKnownFileType = image.png; path = "touch-22@2x.png"; sourceTree = "<group>"; };
		6A5950FC2137C43A0075F30D /* touch-7.png */ = {isa = PBXFileReference; lastKnownFileType = image.png; path = "touch-7.png"; sourceTree = "<group>"; };
		6A5950FD2137C43A0075F30D /* touch-14@2x.png */ = {isa = PBXFileReference; lastKnownFileType = image.png; path = "touch-14@2x.png"; sourceTree = "<group>"; };
		6A5950FE2137C43A0075F30D /* touch-6.png */ = {isa = PBXFileReference; lastKnownFileType = image.png; path = "touch-6.png"; sourceTree = "<group>"; };
		6A5950FF2137C43A0075F30D /* touch-18.png */ = {isa = PBXFileReference; lastKnownFileType = image.png; path = "touch-18.png"; sourceTree = "<group>"; };
		6A5951002137C43A0075F30D /* touch-18@2x.png */ = {isa = PBXFileReference; lastKnownFileType = image.png; path = "touch-18@2x.png"; sourceTree = "<group>"; };
		6A5951012137C43A0075F30D /* touch-20.png */ = {isa = PBXFileReference; lastKnownFileType = image.png; path = "touch-20.png"; sourceTree = "<group>"; };
		6A5951022137C43A0075F30D /* touch-20@2x.png */ = {isa = PBXFileReference; lastKnownFileType = image.png; path = "touch-20@2x.png"; sourceTree = "<group>"; };
		6A5951032137C43A0075F30D /* touch-2.png */ = {isa = PBXFileReference; lastKnownFileType = image.png; path = "touch-2.png"; sourceTree = "<group>"; };
		6A5951042137C43A0075F30D /* touch-2@2x.png */ = {isa = PBXFileReference; lastKnownFileType = image.png; path = "touch-2@2x.png"; sourceTree = "<group>"; };
		6A5951052137C43A0075F30D /* touch-3.png */ = {isa = PBXFileReference; lastKnownFileType = image.png; path = "touch-3.png"; sourceTree = "<group>"; };
		6A5951062137C43A0075F30D /* touch-21.png */ = {isa = PBXFileReference; lastKnownFileType = image.png; path = "touch-21.png"; sourceTree = "<group>"; };
		6A5951072137C43A0075F30D /* touch-16@2x.png */ = {isa = PBXFileReference; lastKnownFileType = image.png; path = "touch-16@2x.png"; sourceTree = "<group>"; };
		6A5951082137C43A0075F30D /* touch-23.png */ = {isa = PBXFileReference; lastKnownFileType = image.png; path = "touch-23.png"; sourceTree = "<group>"; };
		6A5951092137C43A0075F30D /* touch-1.png */ = {isa = PBXFileReference; lastKnownFileType = image.png; path = "touch-1.png"; sourceTree = "<group>"; };
		6A59510A2137C43A0075F30D /* touch-22.png */ = {isa = PBXFileReference; lastKnownFileType = image.png; path = "touch-22.png"; sourceTree = "<group>"; };
		6A59510B2137C43A0075F30D /* touch-13.png */ = {isa = PBXFileReference; lastKnownFileType = image.png; path = "touch-13.png"; sourceTree = "<group>"; };
		6A59510C2137C43A0075F30D /* touch-12.png */ = {isa = PBXFileReference; lastKnownFileType = image.png; path = "touch-12.png"; sourceTree = "<group>"; };
		6A59510D2137C43A0075F30D /* touch-10.png */ = {isa = PBXFileReference; lastKnownFileType = image.png; path = "touch-10.png"; sourceTree = "<group>"; };
		6A59510E2137C43A0075F30D /* touch-13@2x.png */ = {isa = PBXFileReference; lastKnownFileType = image.png; path = "touch-13@2x.png"; sourceTree = "<group>"; };
		6A59510F2137C43A0075F30D /* touch-11.png */ = {isa = PBXFileReference; lastKnownFileType = image.png; path = "touch-11.png"; sourceTree = "<group>"; };
		6A5951102137C43A0075F30D /* touch-7@2x.png */ = {isa = PBXFileReference; lastKnownFileType = image.png; path = "touch-7@2x.png"; sourceTree = "<group>"; };
		6A5951112137C43A0075F30D /* touch-15.png */ = {isa = PBXFileReference; lastKnownFileType = image.png; path = "touch-15.png"; sourceTree = "<group>"; };
		6A5951122137C43A0075F30D /* touch-5@2x.png */ = {isa = PBXFileReference; lastKnownFileType = image.png; path = "touch-5@2x.png"; sourceTree = "<group>"; };
		6A5951132137C43A0075F30D /* touch-14.png */ = {isa = PBXFileReference; lastKnownFileType = image.png; path = "touch-14.png"; sourceTree = "<group>"; };
		6A5951142137C43A0075F30D /* touch-9@2x.png */ = {isa = PBXFileReference; lastKnownFileType = image.png; path = "touch-9@2x.png"; sourceTree = "<group>"; };
		6A5951152137C43A0075F30D /* touch-11@2x.png */ = {isa = PBXFileReference; lastKnownFileType = image.png; path = "touch-11@2x.png"; sourceTree = "<group>"; };
		6A5951162137C43A0075F30D /* touch-16.png */ = {isa = PBXFileReference; lastKnownFileType = image.png; path = "touch-16.png"; sourceTree = "<group>"; };
		6A5951172137C43A0075F30D /* touch-8.png */ = {isa = PBXFileReference; lastKnownFileType = image.png; path = "touch-8.png"; sourceTree = "<group>"; };
		6A5951182137C43A0075F30D /* touch-9.png */ = {isa = PBXFileReference; lastKnownFileType = image.png; path = "touch-9.png"; sourceTree = "<group>"; };
		6A5951192137C43A0075F30D /* touch-17.png */ = {isa = PBXFileReference; lastKnownFileType = image.png; path = "touch-17.png"; sourceTree = "<group>"; };
		6A59511A2137C43A0075F30D /* touch-15@2x.png */ = {isa = PBXFileReference; lastKnownFileType = image.png; path = "touch-15@2x.png"; sourceTree = "<group>"; };
		6A59511B2137C43A0075F30D /* touch-19@2x.png */ = {isa = PBXFileReference; lastKnownFileType = image.png; path = "touch-19@2x.png"; sourceTree = "<group>"; };
		6A59511C2137C43A0075F30D /* touch-1@2x.png */ = {isa = PBXFileReference; lastKnownFileType = image.png; path = "touch-1@2x.png"; sourceTree = "<group>"; };
		6A59511D2137C43A0075F30D /* touch-23@2x.png */ = {isa = PBXFileReference; lastKnownFileType = image.png; path = "touch-23@2x.png"; sourceTree = "<group>"; };
		6A59511E2137C43A0075F30D /* touch-3@2x.png */ = {isa = PBXFileReference; lastKnownFileType = image.png; path = "touch-3@2x.png"; sourceTree = "<group>"; };
		6A59511F2137C43A0075F30D /* touch-17@2x.png */ = {isa = PBXFileReference; lastKnownFileType = image.png; path = "touch-17@2x.png"; sourceTree = "<group>"; };
		6A5951202137C43A0075F30D /* touch-21@2x.png */ = {isa = PBXFileReference; lastKnownFileType = image.png; path = "touch-21@2x.png"; sourceTree = "<group>"; };
		6A5951212137C43A0075F30D /* kao-04.png */ = {isa = PBXFileReference; lastKnownFileType = image.png; path = "kao-04.png"; sourceTree = "<group>"; };
		6A5951222137C43A0075F30D /* kao-red-04.png */ = {isa = PBXFileReference; lastKnownFileType = image.png; path = "kao-red-04.png"; sourceTree = "<group>"; };
		6A5951232137C43A0075F30D /* kao-02.png */ = {isa = PBXFileReference; lastKnownFileType = image.png; path = "kao-02.png"; sourceTree = "<group>"; };
		6A5951242137C43A0075F30D /* kao-red-01.png */ = {isa = PBXFileReference; lastKnownFileType = image.png; path = "kao-red-01.png"; sourceTree = "<group>"; };
		6A5951252137C43A0075F30D /* kao-03.png */ = {isa = PBXFileReference; lastKnownFileType = image.png; path = "kao-03.png"; sourceTree = "<group>"; };
		6A5951262137C43A0075F30D /* kao-01.png */ = {isa = PBXFileReference; lastKnownFileType = image.png; path = "kao-01.png"; sourceTree = "<group>"; };
		6A5951272137C43A0075F30D /* kao-red-03.png */ = {isa = PBXFileReference; lastKnownFileType = image.png; path = "kao-red-03.png"; sourceTree = "<group>"; };
		6A5951282137C43A0075F30D /* kao-red-02.png */ = {isa = PBXFileReference; lastKnownFileType = image.png; path = "kao-red-02.png"; sourceTree = "<group>"; };
		6A5951652137D0BD0075F30D /* SpeechSynthesizer.swift */ = {isa = PBXFileReference; lastKnownFileType = sourcecode.swift; path = SpeechSynthesizer.swift; sourceTree = "<group>"; };
		6A5951672137D0E50075F30D /* DefaultSynthesizer.swift */ = {isa = PBXFileReference; lastKnownFileType = sourcecode.swift; path = DefaultSynthesizer.swift; sourceTree = "<group>"; };
		6A5951692137E6CD0075F30D /* FeatureController.swift */ = {isa = PBXFileReference; lastKnownFileType = sourcecode.swift; path = FeatureController.swift; sourceTree = "<group>"; };
		6A59516C2137E8460075F30D /* RandomSayFeature.swift */ = {isa = PBXFileReference; lastKnownFileType = sourcecode.swift; path = RandomSayFeature.swift; sourceTree = "<group>"; };
		6A59516F2137E90A0075F30D /* TalkEngine.swift */ = {isa = PBXFileReference; lastKnownFileType = sourcecode.swift; path = TalkEngine.swift; sourceTree = "<group>"; };
		6A5951712137EA0D0075F30D /* UserLocalTalkEngine.swift */ = {isa = PBXFileReference; lastKnownFileType = sourcecode.swift; path = UserLocalTalkEngine.swift; sourceTree = "<group>"; };
		6A5951732137EA4C0075F30D /* URLSessionClient.swift */ = {isa = PBXFileReference; lastKnownFileType = sourcecode.swift; path = URLSessionClient.swift; sourceTree = "<group>"; };
		6A5951752138B7BE0075F30D /* BodyController.swift */ = {isa = PBXFileReference; lastKnownFileType = sourcecode.swift; path = BodyController.swift; sourceTree = "<group>"; };
/* End PBXFileReference section */

/* Begin PBXFrameworksBuildPhase section */
		6A5950562136802D0075F30D /* Frameworks */ = {
			isa = PBXFrameworksBuildPhase;
			buildActionMask = 2147483647;
			files = (
				6A5950AB213683880075F30D /* AVFoundation.framework in Frameworks */,
				6A5950A5213682FD0075F30D /* SystemConfiguration.framework in Frameworks */,
			);
			runOnlyForDeploymentPostprocessing = 0;
		};
/* End PBXFrameworksBuildPhase section */

/* Begin PBXGroup section */
		6A5950502136802D0075F30D = {
			isa = PBXGroup;
			children = (
				6A59505C2136802D0075F30D /* iBotLib2 */,
				6A59505B2136802D0075F30D /* Products */,
				6A5950A3213682FC0075F30D /* Frameworks */,
			);
			sourceTree = "<group>";
		};
		6A59505B2136802D0075F30D /* Products */ = {
			isa = PBXGroup;
			children = (
				6A59505A2136802D0075F30D /* iBotLib2.framework */,
			);
			name = Products;
			sourceTree = "<group>";
		};
		6A59505C2136802D0075F30D /* iBotLib2 */ = {
			isa = PBXGroup;
			children = (
				6A5950B22137B55E0075F30D /* Utilities */,
				6A5950A62136831F0075F30D /* Speech2Text */,
				6A5950A7213683330075F30D /* Text2Speech */,
				6A59516E2137E8580075F30D /* TalkEngine */,
				6A59505D2136802D0075F30D /* iBotLib2.h */,
				6A59516B2137E82C0075F30D /* DefaultFeatures */,
				6A59505E2136802D0075F30D /* Info.plist */,
				6A595068213680A80075F30D /* iBot.swift */,
				6A5950652136806B0075F30D /* iBotViewController.swift */,
				6A5951692137E6CD0075F30D /* FeatureController.swift */,
				6A5951752138B7BE0075F30D /* BodyController.swift */,
				6A5950B02137B5550075F30D /* Face.swift */,
				6A5950F12137C43A0075F30D /* Resources */,
			);
			path = iBotLib2;
			sourceTree = "<group>";
		};
		6A5950A3213682FC0075F30D /* Frameworks */ = {
			isa = PBXGroup;
			children = (
				6A5950AA213683880075F30D /* AVFoundation.framework */,
				6A5950A4213682FD0075F30D /* SystemConfiguration.framework */,
			);
			name = Frameworks;
			sourceTree = "<group>";
		};
		6A5950A62136831F0075F30D /* Speech2Text */ = {
			isa = PBXGroup;
			children = (
				6A5950A8213683640075F30D /* SpeechRecognizer.swift */,
			);
			path = Speech2Text;
			sourceTree = "<group>";
		};
		6A5950A7213683330075F30D /* Text2Speech */ = {
			isa = PBXGroup;
			children = (
				6A5951652137D0BD0075F30D /* SpeechSynthesizer.swift */,
				6A5951672137D0E50075F30D /* DefaultSynthesizer.swift */,
			);
			path = Text2Speech;
			sourceTree = "<group>";
		};
		6A5950B22137B55E0075F30D /* Utilities */ = {
			isa = PBXGroup;
			children = (
				6A5950AC2137AAEF0075F30D /* BLEManager.swift */,
				6A5950AE2137B1B10075F30D /* AnimationView.swift */,
				6A5951732137EA4C0075F30D /* URLSessionClient.swift */,
			);
			path = Utilities;
			sourceTree = "<group>";
		};
		6A5950F12137C43A0075F30D /* Resources */ = {
			isa = PBXGroup;
			children = (
				6A5950F22137C43A0075F30D /* Tap */,
				6A5951212137C43A0075F30D /* kao-04.png */,
				6A5951222137C43A0075F30D /* kao-red-04.png */,
				6A5951232137C43A0075F30D /* kao-02.png */,
				6A5951242137C43A0075F30D /* kao-red-01.png */,
				6A5951252137C43A0075F30D /* kao-03.png */,
				6A5951262137C43A0075F30D /* kao-01.png */,
				6A5951272137C43A0075F30D /* kao-red-03.png */,
				6A5951282137C43A0075F30D /* kao-red-02.png */,
			);
			path = Resources;
			sourceTree = "<group>";
		};
		6A5950F22137C43A0075F30D /* Tap */ = {
			isa = PBXGroup;
			children = (
				6A5950F32137C43A0075F30D /* touch-12@2x.png */,
				6A5950F42137C43A0075F30D /* touch-6@2x.png */,
				6A5950F52137C43A0075F30D /* touch-4@2x.png */,
				6A5950F62137C43A0075F30D /* touch-8@2x.png */,
				6A5950F72137C43A0075F30D /* touch-10@2x.png */,
				6A5950F82137C43A0075F30D /* touch-4.png */,
				6A5950F92137C43A0075F30D /* touch-5.png */,
				6A5950FA2137C43A0075F30D /* touch-19.png */,
				6A5950FB2137C43A0075F30D /* touch-22@2x.png */,
				6A5950FC2137C43A0075F30D /* touch-7.png */,
				6A5950FD2137C43A0075F30D /* touch-14@2x.png */,
				6A5950FE2137C43A0075F30D /* touch-6.png */,
				6A5950FF2137C43A0075F30D /* touch-18.png */,
				6A5951002137C43A0075F30D /* touch-18@2x.png */,
				6A5951012137C43A0075F30D /* touch-20.png */,
				6A5951022137C43A0075F30D /* touch-20@2x.png */,
				6A5951032137C43A0075F30D /* touch-2.png */,
				6A5951042137C43A0075F30D /* touch-2@2x.png */,
				6A5951052137C43A0075F30D /* touch-3.png */,
				6A5951062137C43A0075F30D /* touch-21.png */,
				6A5951072137C43A0075F30D /* touch-16@2x.png */,
				6A5951082137C43A0075F30D /* touch-23.png */,
				6A5951092137C43A0075F30D /* touch-1.png */,
				6A59510A2137C43A0075F30D /* touch-22.png */,
				6A59510B2137C43A0075F30D /* touch-13.png */,
				6A59510C2137C43A0075F30D /* touch-12.png */,
				6A59510D2137C43A0075F30D /* touch-10.png */,
				6A59510E2137C43A0075F30D /* touch-13@2x.png */,
				6A59510F2137C43A0075F30D /* touch-11.png */,
				6A5951102137C43A0075F30D /* touch-7@2x.png */,
				6A5951112137C43A0075F30D /* touch-15.png */,
				6A5951122137C43A0075F30D /* touch-5@2x.png */,
				6A5951132137C43A0075F30D /* touch-14.png */,
				6A5951142137C43A0075F30D /* touch-9@2x.png */,
				6A5951152137C43A0075F30D /* touch-11@2x.png */,
				6A5951162137C43A0075F30D /* touch-16.png */,
				6A5951172137C43A0075F30D /* touch-8.png */,
				6A5951182137C43A0075F30D /* touch-9.png */,
				6A5951192137C43A0075F30D /* touch-17.png */,
				6A59511A2137C43A0075F30D /* touch-15@2x.png */,
				6A59511B2137C43A0075F30D /* touch-19@2x.png */,
				6A59511C2137C43A0075F30D /* touch-1@2x.png */,
				6A59511D2137C43A0075F30D /* touch-23@2x.png */,
				6A59511E2137C43A0075F30D /* touch-3@2x.png */,
				6A59511F2137C43A0075F30D /* touch-17@2x.png */,
				6A5951202137C43A0075F30D /* touch-21@2x.png */,
			);
			path = Tap;
			sourceTree = "<group>";
		};
		6A59516B2137E82C0075F30D /* DefaultFeatures */ = {
			isa = PBXGroup;
			children = (
				6A59516C2137E8460075F30D /* RandomSayFeature.swift */,
			);
			path = DefaultFeatures;
			sourceTree = "<group>";
		};
		6A59516E2137E8580075F30D /* TalkEngine */ = {
			isa = PBXGroup;
			children = (
				6A59516F2137E90A0075F30D /* TalkEngine.swift */,
				6A5951712137EA0D0075F30D /* UserLocalTalkEngine.swift */,
			);
			path = TalkEngine;
			sourceTree = "<group>";
		};
/* End PBXGroup section */

/* Begin PBXHeadersBuildPhase section */
		6A5950572136802D0075F30D /* Headers */ = {
			isa = PBXHeadersBuildPhase;
			buildActionMask = 2147483647;
			files = (
				6A59505F2136802D0075F30D /* iBotLib2.h in Headers */,
			);
			runOnlyForDeploymentPostprocessing = 0;
		};
/* End PBXHeadersBuildPhase section */

/* Begin PBXNativeTarget section */
		6A5950592136802D0075F30D /* iBotLib2 */ = {
			isa = PBXNativeTarget;
			buildConfigurationList = 6A5950622136802D0075F30D /* Build configuration list for PBXNativeTarget "iBotLib2" */;
			buildPhases = (
				6A5950552136802D0075F30D /* Sources */,
				6A5950562136802D0075F30D /* Frameworks */,
				6A5950572136802D0075F30D /* Headers */,
				6A5950582136802D0075F30D /* Resources */,
			);
			buildRules = (
			);
			dependencies = (
			);
			name = iBotLib2;
			productName = iBotLib2;
			productReference = 6A59505A2136802D0075F30D /* iBotLib2.framework */;
			productType = "com.apple.product-type.framework";
		};
/* End PBXNativeTarget section */

/* Begin PBXProject section */
		6A5950512136802D0075F30D /* Project object */ = {
			isa = PBXProject;
			attributes = {
				LastUpgradeCheck = 0940;
				ORGANIZATIONNAME = Yusk;
				TargetAttributes = {
					6A5950592136802D0075F30D = {
						CreatedOnToolsVersion = 9.4.1;
						LastSwiftMigration = 0940;
					};
				};
			};
			buildConfigurationList = 6A5950542136802D0075F30D /* Build configuration list for PBXProject "iBotLib2" */;
			compatibilityVersion = "Xcode 9.3";
			developmentRegion = en;
			hasScannedForEncodings = 0;
			knownRegions = (
				en,
				Base,
			);
			mainGroup = 6A5950502136802D0075F30D;
			productRefGroup = 6A59505B2136802D0075F30D /* Products */;
			projectDirPath = "";
			projectRoot = "";
			targets = (
				6A5950592136802D0075F30D /* iBotLib2 */,
			);
		};
/* End PBXProject section */

/* Begin PBXResourcesBuildPhase section */
		6A5950582136802D0075F30D /* Resources */ = {
			isa = PBXResourcesBuildPhase;
			buildActionMask = 2147483647;
			files = (
				6A59513E2137C43A0075F30D /* touch-23.png in Resources */,
				6A5951392137C43A0075F30D /* touch-2.png in Resources */,
				6A59513A2137C43A0075F30D /* touch-2@2x.png in Resources */,
				6A5951452137C43A0075F30D /* touch-11.png in Resources */,
				6A5951312137C43A0075F30D /* touch-22@2x.png in Resources */,
				6A5951442137C43A0075F30D /* touch-13@2x.png in Resources */,
				6A59512D2137C43A0075F30D /* touch-10@2x.png in Resources */,
				6A59513F2137C43A0075F30D /* touch-1.png in Resources */,
				6A5951302137C43A0075F30D /* touch-19.png in Resources */,
				6A5951322137C43A0075F30D /* touch-7.png in Resources */,
				6A5951502137C43A0075F30D /* touch-15@2x.png in Resources */,
				6A59514A2137C43A0075F30D /* touch-9@2x.png in Resources */,
				6A59515A2137C43A0075F30D /* kao-red-01.png in Resources */,
				6A59513C2137C43A0075F30D /* touch-21.png in Resources */,
				6A5951342137C43A0075F30D /* touch-6.png in Resources */,
				6A5951352137C43A0075F30D /* touch-18.png in Resources */,
				6A59514C2137C43A0075F30D /* touch-16.png in Resources */,
				6A5951512137C43A0075F30D /* touch-19@2x.png in Resources */,
				6A5951402137C43A0075F30D /* touch-22.png in Resources */,
				6A5951422137C43A0075F30D /* touch-12.png in Resources */,
				6A59514F2137C43A0075F30D /* touch-17.png in Resources */,
				6A5951292137C43A0075F30D /* touch-12@2x.png in Resources */,
				6A5951582137C43A0075F30D /* kao-red-04.png in Resources */,
				6A5951482137C43A0075F30D /* touch-5@2x.png in Resources */,
				6A59515D2137C43A0075F30D /* kao-red-03.png in Resources */,
				6A59514B2137C43A0075F30D /* touch-11@2x.png in Resources */,
				6A5951562137C43A0075F30D /* touch-21@2x.png in Resources */,
				6A5951572137C43A0075F30D /* kao-04.png in Resources */,
				6A59512A2137C43A0075F30D /* touch-6@2x.png in Resources */,
				6A5951592137C43A0075F30D /* kao-02.png in Resources */,
				6A59513D2137C43A0075F30D /* touch-16@2x.png in Resources */,
				6A5951332137C43A0075F30D /* touch-14@2x.png in Resources */,
				6A5951542137C43A0075F30D /* touch-3@2x.png in Resources */,
				6A5951412137C43A0075F30D /* touch-13.png in Resources */,
				6A59512F2137C43A0075F30D /* touch-5.png in Resources */,
				6A59513B2137C43A0075F30D /* touch-3.png in Resources */,
				6A59512B2137C43A0075F30D /* touch-4@2x.png in Resources */,
				6A5951372137C43A0075F30D /* touch-20.png in Resources */,
				6A59515B2137C43A0075F30D /* kao-03.png in Resources */,
				6A59515C2137C43A0075F30D /* kao-01.png in Resources */,
				6A5951362137C43A0075F30D /* touch-18@2x.png in Resources */,
				6A5951522137C43A0075F30D /* touch-1@2x.png in Resources */,
				6A5951492137C43A0075F30D /* touch-14.png in Resources */,
				6A5951532137C43A0075F30D /* touch-23@2x.png in Resources */,
				6A5951552137C43A0075F30D /* touch-17@2x.png in Resources */,
				6A5951432137C43A0075F30D /* touch-10.png in Resources */,
				6A59514D2137C43A0075F30D /* touch-8.png in Resources */,
				6A5951472137C43A0075F30D /* touch-15.png in Resources */,
				6A5951462137C43A0075F30D /* touch-7@2x.png in Resources */,
				6A59512E2137C43A0075F30D /* touch-4.png in Resources */,
				6A5951382137C43A0075F30D /* touch-20@2x.png in Resources */,
				6A59512C2137C43A0075F30D /* touch-8@2x.png in Resources */,
				6A59514E2137C43A0075F30D /* touch-9.png in Resources */,
				6A59515E2137C43A0075F30D /* kao-red-02.png in Resources */,
			);
			runOnlyForDeploymentPostprocessing = 0;
		};
/* End PBXResourcesBuildPhase section */

/* Begin PBXSourcesBuildPhase section */
		6A5950552136802D0075F30D /* Sources */ = {
			isa = PBXSourcesBuildPhase;
			buildActionMask = 2147483647;
			files = (
				6A5951682137D0E50075F30D /* DefaultSynthesizer.swift in Sources */,
				6A5950662136806B0075F30D /* iBotViewController.swift in Sources */,
				6A5950AF2137B1B10075F30D /* AnimationView.swift in Sources */,
				6A59516D2137E8460075F30D /* RandomSayFeature.swift in Sources */,
				6A5951722137EA0D0075F30D /* UserLocalTalkEngine.swift in Sources */,
				6A5950AD2137AAEF0075F30D /* BLEManager.swift in Sources */,
				6A595069213680A80075F30D /* iBot.swift in Sources */,
				6A5950B12137B5550075F30D /* Face.swift in Sources */,
				6A5951742137EA4C0075F30D /* URLSessionClient.swift in Sources */,
				6A5951762138B7BE0075F30D /* BodyController.swift in Sources */,
				6A5951702137E90A0075F30D /* TalkEngine.swift in Sources */,
				6A59516A2137E6CD0075F30D /* FeatureController.swift in Sources */,
				6A5951662137D0BD0075F30D /* SpeechSynthesizer.swift in Sources */,
				6A5950A9213683640075F30D /* SpeechRecognizer.swift in Sources */,
			);
			runOnlyForDeploymentPostprocessing = 0;
		};
/* End PBXSourcesBuildPhase section */

/* Begin XCBuildConfiguration section */
		6A5950602136802D0075F30D /* Debug */ = {
			isa = XCBuildConfiguration;
			buildSettings = {
				ALWAYS_SEARCH_USER_PATHS = NO;
				CLANG_ANALYZER_NONNULL = YES;
				CLANG_ANALYZER_NUMBER_OBJECT_CONVERSION = YES_AGGRESSIVE;
				CLANG_CXX_LANGUAGE_STANDARD = "gnu++14";
				CLANG_CXX_LIBRARY = "libc++";
				CLANG_ENABLE_MODULES = YES;
				CLANG_ENABLE_OBJC_ARC = YES;
				CLANG_ENABLE_OBJC_WEAK = YES;
				CLANG_WARN_BLOCK_CAPTURE_AUTORELEASING = YES;
				CLANG_WARN_BOOL_CONVERSION = YES;
				CLANG_WARN_COMMA = YES;
				CLANG_WARN_CONSTANT_CONVERSION = YES;
				CLANG_WARN_DEPRECATED_OBJC_IMPLEMENTATIONS = YES;
				CLANG_WARN_DIRECT_OBJC_ISA_USAGE = YES_ERROR;
				CLANG_WARN_DOCUMENTATION_COMMENTS = YES;
				CLANG_WARN_EMPTY_BODY = YES;
				CLANG_WARN_ENUM_CONVERSION = YES;
				CLANG_WARN_INFINITE_RECURSION = YES;
				CLANG_WARN_INT_CONVERSION = YES;
				CLANG_WARN_NON_LITERAL_NULL_CONVERSION = YES;
				CLANG_WARN_OBJC_IMPLICIT_RETAIN_SELF = YES;
				CLANG_WARN_OBJC_LITERAL_CONVERSION = YES;
				CLANG_WARN_OBJC_ROOT_CLASS = YES_ERROR;
				CLANG_WARN_RANGE_LOOP_ANALYSIS = YES;
				CLANG_WARN_STRICT_PROTOTYPES = YES;
				CLANG_WARN_SUSPICIOUS_MOVE = YES;
				CLANG_WARN_UNGUARDED_AVAILABILITY = YES_AGGRESSIVE;
				CLANG_WARN_UNREACHABLE_CODE = YES;
				CLANG_WARN__DUPLICATE_METHOD_MATCH = YES;
				CODE_SIGN_IDENTITY = "iPhone Developer";
				COPY_PHASE_STRIP = NO;
				CURRENT_PROJECT_VERSION = 1;
				DEBUG_INFORMATION_FORMAT = dwarf;
				ENABLE_STRICT_OBJC_MSGSEND = YES;
				ENABLE_TESTABILITY = YES;
				GCC_C_LANGUAGE_STANDARD = gnu11;
				GCC_DYNAMIC_NO_PIC = NO;
				GCC_NO_COMMON_BLOCKS = YES;
				GCC_OPTIMIZATION_LEVEL = 0;
				GCC_PREPROCESSOR_DEFINITIONS = (
					"DEBUG=1",
					"$(inherited)",
				);
				GCC_WARN_64_TO_32_BIT_CONVERSION = YES;
				GCC_WARN_ABOUT_RETURN_TYPE = YES_ERROR;
				GCC_WARN_UNDECLARED_SELECTOR = YES;
				GCC_WARN_UNINITIALIZED_AUTOS = YES_AGGRESSIVE;
				GCC_WARN_UNUSED_FUNCTION = YES;
				GCC_WARN_UNUSED_VARIABLE = YES;
				IPHONEOS_DEPLOYMENT_TARGET = 11.4;
				MTL_ENABLE_DEBUG_INFO = YES;
				ONLY_ACTIVE_ARCH = YES;
				SDKROOT = iphoneos;
				SWIFT_ACTIVE_COMPILATION_CONDITIONS = DEBUG;
				SWIFT_OPTIMIZATION_LEVEL = "-Onone";
				VERSIONING_SYSTEM = "apple-generic";
				VERSION_INFO_PREFIX = "";
			};
			name = Debug;
		};
		6A5950612136802D0075F30D /* Release */ = {
			isa = XCBuildConfiguration;
			buildSettings = {
				ALWAYS_SEARCH_USER_PATHS = NO;
				CLANG_ANALYZER_NONNULL = YES;
				CLANG_ANALYZER_NUMBER_OBJECT_CONVERSION = YES_AGGRESSIVE;
				CLANG_CXX_LANGUAGE_STANDARD = "gnu++14";
				CLANG_CXX_LIBRARY = "libc++";
				CLANG_ENABLE_MODULES = YES;
				CLANG_ENABLE_OBJC_ARC = YES;
				CLANG_ENABLE_OBJC_WEAK = YES;
				CLANG_WARN_BLOCK_CAPTURE_AUTORELEASING = YES;
				CLANG_WARN_BOOL_CONVERSION = YES;
				CLANG_WARN_COMMA = YES;
				CLANG_WARN_CONSTANT_CONVERSION = YES;
				CLANG_WARN_DEPRECATED_OBJC_IMPLEMENTATIONS = YES;
				CLANG_WARN_DIRECT_OBJC_ISA_USAGE = YES_ERROR;
				CLANG_WARN_DOCUMENTATION_COMMENTS = YES;
				CLANG_WARN_EMPTY_BODY = YES;
				CLANG_WARN_ENUM_CONVERSION = YES;
				CLANG_WARN_INFINITE_RECURSION = YES;
				CLANG_WARN_INT_CONVERSION = YES;
				CLANG_WARN_NON_LITERAL_NULL_CONVERSION = YES;
				CLANG_WARN_OBJC_IMPLICIT_RETAIN_SELF = YES;
				CLANG_WARN_OBJC_LITERAL_CONVERSION = YES;
				CLANG_WARN_OBJC_ROOT_CLASS = YES_ERROR;
				CLANG_WARN_RANGE_LOOP_ANALYSIS = YES;
				CLANG_WARN_STRICT_PROTOTYPES = YES;
				CLANG_WARN_SUSPICIOUS_MOVE = YES;
				CLANG_WARN_UNGUARDED_AVAILABILITY = YES_AGGRESSIVE;
				CLANG_WARN_UNREACHABLE_CODE = YES;
				CLANG_WARN__DUPLICATE_METHOD_MATCH = YES;
				CODE_SIGN_IDENTITY = "iPhone Developer";
				COPY_PHASE_STRIP = NO;
				CURRENT_PROJECT_VERSION = 1;
				DEBUG_INFORMATION_FORMAT = "dwarf-with-dsym";
				ENABLE_NS_ASSERTIONS = NO;
				ENABLE_STRICT_OBJC_MSGSEND = YES;
				GCC_C_LANGUAGE_STANDARD = gnu11;
				GCC_NO_COMMON_BLOCKS = YES;
				GCC_WARN_64_TO_32_BIT_CONVERSION = YES;
				GCC_WARN_ABOUT_RETURN_TYPE = YES_ERROR;
				GCC_WARN_UNDECLARED_SELECTOR = YES;
				GCC_WARN_UNINITIALIZED_AUTOS = YES_AGGRESSIVE;
				GCC_WARN_UNUSED_FUNCTION = YES;
				GCC_WARN_UNUSED_VARIABLE = YES;
				IPHONEOS_DEPLOYMENT_TARGET = 11.4;
				MTL_ENABLE_DEBUG_INFO = NO;
				SDKROOT = iphoneos;
				SWIFT_COMPILATION_MODE = wholemodule;
				SWIFT_OPTIMIZATION_LEVEL = "-O";
				VALIDATE_PRODUCT = YES;
				VERSIONING_SYSTEM = "apple-generic";
				VERSION_INFO_PREFIX = "";
			};
			name = Release;
		};
		6A5950632136802D0075F30D /* Debug */ = {
			isa = XCBuildConfiguration;
			buildSettings = {
				CLANG_ENABLE_MODULES = YES;
				CODE_SIGN_IDENTITY = "";
				CODE_SIGN_STYLE = Automatic;
				DEFINES_MODULE = YES;
				DEVELOPMENT_TEAM = MT2JN72543;
				DYLIB_COMPATIBILITY_VERSION = 1;
				DYLIB_CURRENT_VERSION = 1;
				DYLIB_INSTALL_NAME_BASE = "@rpath";
				INFOPLIST_FILE = iBotLib2/Info.plist;
				INSTALL_PATH = "$(LOCAL_LIBRARY_DIR)/Frameworks";
				IPHONEOS_DEPLOYMENT_TARGET = 10.3;
				LD_RUNPATH_SEARCH_PATHS = (
					"$(inherited)",
					"@executable_path/Frameworks",
					"@loader_path/Frameworks",
				);
				PRODUCT_BUNDLE_IDENTIFIER = jp.co.4dpocket..iBotLib2;
				PRODUCT_NAME = "$(TARGET_NAME:c99extidentifier)";
				SKIP_INSTALL = YES;
				SWIFT_OPTIMIZATION_LEVEL = "-Onone";
				SWIFT_VERSION = 4.0;
				TARGETED_DEVICE_FAMILY = 1;
			};
			name = Debug;
		};
		6A5950642136802D0075F30D /* Release */ = {
			isa = XCBuildConfiguration;
			buildSettings = {
				CLANG_ENABLE_MODULES = YES;
				CODE_SIGN_IDENTITY = "";
				CODE_SIGN_STYLE = Automatic;
				DEFINES_MODULE = YES;
				DEVELOPMENT_TEAM = MT2JN72543;
				DYLIB_COMPATIBILITY_VERSION = 1;
				DYLIB_CURRENT_VERSION = 1;
				DYLIB_INSTALL_NAME_BASE = "@rpath";
				INFOPLIST_FILE = iBotLib2/Info.plist;
				INSTALL_PATH = "$(LOCAL_LIBRARY_DIR)/Frameworks";
				IPHONEOS_DEPLOYMENT_TARGET = 10.3;
				LD_RUNPATH_SEARCH_PATHS = (
					"$(inherited)",
					"@executable_path/Frameworks",
					"@loader_path/Frameworks",
				);
				PRODUCT_BUNDLE_IDENTIFIER = jp.co.4dpocket..iBotLib2;
				PRODUCT_NAME = "$(TARGET_NAME:c99extidentifier)";
				SKIP_INSTALL = YES;
				SWIFT_VERSION = 4.0;
				TARGETED_DEVICE_FAMILY = 1;
			};
			name = Release;
		};
/* End XCBuildConfiguration section */

/* Begin XCConfigurationList section */
		6A5950542136802D0075F30D /* Build configuration list for PBXProject "iBotLib2" */ = {
			isa = XCConfigurationList;
			buildConfigurations = (
				6A5950602136802D0075F30D /* Debug */,
				6A5950612136802D0075F30D /* Release */,
			);
			defaultConfigurationIsVisible = 0;
			defaultConfigurationName = Release;
		};
		6A5950622136802D0075F30D /* Build configuration list for PBXNativeTarget "iBotLib2" */ = {
			isa = XCConfigurationList;
			buildConfigurations = (
				6A5950632136802D0075F30D /* Debug */,
				6A5950642136802D0075F30D /* Release */,
			);
			defaultConfigurationIsVisible = 0;
			defaultConfigurationName = Release;
		};
/* End XCConfigurationList section */
	};
	rootObject = 6A5950512136802D0075F30D /* Project object */;
}
